
Microsoft Visual Studio Solution File, Format Version 9.00
# Visual Studio 2005
Project("{8BC9CEB8-8B4A-11D0-8D11-00A0C91BC942}") = "Lesson01", "Lesson01\Lesson01.vcproj", "{B5C970D8-CE01-4F6F-8888-18A0EB2E827E}"
EndProject
Global
	GlobalSection(SolutionConfigurationPlatforms) = preSolution
		Debug|Win32 = Debug|Win32
		Release|Win32 = Release|Win32
	EndGlobalSection
	GlobalSection(ProjectConfigurationPlatforms) = postSolution
		{B5C970D8-CE01-4F6F-8888-18A0EB2E827E}.Debug|Win32.ActiveCfg = Debug|Win32
		{B5C970D8-CE01-4F6F-8888-18A0EB2E827E}.Debug|Win32.Build.0 = Debug|Win32
		{B5C970D8-CE01-4F6F-8888-18A0EB2E827E}.Release|Win32.ActiveCfg = Release|Win32
		{B5C970D8-CE01-4F6F-8888-18A0EB2E827E}.Release|Win32.Build.0 = Release|Win32
	EndGlobalSection
	GlobalSection(SolutionProperties) = preSolution
		HideSolutionNode = FALSE
	EndGlobalSection
EndGlobal
