
Microsoft Visual Studio Solution File, Format Version 10.00
# Visual Studio 2008
Project("{8BC9CEB8-8B4A-11D0-8D11-00A0C91BC942}") = "About2", "About2\About2.vcproj", "{EFE14764-2A22-47D3-B9DC-BBD9AC4C1AC5}"
EndProject
Global
	GlobalSection(SolutionConfigurationPlatforms) = preSolution
		Debug|Win32 = Debug|Win32
		Release|Win32 = Release|Win32
	EndGlobalSection
	GlobalSection(ProjectConfigurationPlatforms) = postSolution
		{EFE14764-2A22-47D3-B9DC-BBD9AC4C1AC5}.Debug|Win32.ActiveCfg = Debug|Win32
		{EFE14764-2A22-47D3-B9DC-BBD9AC4C1AC5}.Debug|Win32.Build.0 = Debug|Win32
		{EFE14764-2A22-47D3-B9DC-BBD9AC4C1AC5}.Release|Win32.ActiveCfg = Release|Win32
		{EFE14764-2A22-47D3-B9DC-BBD9AC4C1AC5}.Release|Win32.Build.0 = Release|Win32
	EndGlobalSection
	GlobalSection(SolutionProperties) = preSolution
		HideSolutionNode = FALSE
	EndGlobalSection
EndGlobal
