
Microsoft Visual Studio Solution File, Format Version 10.00
# Visual Studio 2008
Project("{8BC9CEB8-8B4A-11D0-8D11-00A0C91BC942}") = "Clock", "Clock\Clock.vcproj", "{F3BB4323-C22D-493F-84CA-3D1084AF9AFF}"
EndProject
Global
	GlobalSection(SolutionConfigurationPlatforms) = preSolution
		Debug|Win32 = Debug|Win32
		Release|Win32 = Release|Win32
	EndGlobalSection
	GlobalSection(ProjectConfigurationPlatforms) = postSolution
		{F3BB4323-C22D-493F-84CA-3D1084AF9AFF}.Debug|Win32.ActiveCfg = Debug|Win32
		{F3BB4323-C22D-493F-84CA-3D1084AF9AFF}.Debug|Win32.Build.0 = Debug|Win32
		{F3BB4323-C22D-493F-84CA-3D1084AF9AFF}.Release|Win32.ActiveCfg = Release|Win32
		{F3BB4323-C22D-493F-84CA-3D1084AF9AFF}.Release|Win32.Build.0 = Release|Win32
	EndGlobalSection
	GlobalSection(SolutionProperties) = preSolution
		HideSolutionNode = FALSE
	EndGlobalSection
EndGlobal
