
Microsoft Visual Studio Solution File, Format Version 10.00
# Visual Studio 2008
Project("{8BC9CEB8-8B4A-11D0-8D11-00A0C91BC942}") = "PoorMenu", "PoorMenu\PoorMenu.vcproj", "{830322B4-7C28-4C96-B400-DC01C9EE5F38}"
EndProject
Global
	GlobalSection(SolutionConfigurationPlatforms) = preSolution
		Debug|Win32 = Debug|Win32
		Release|Win32 = Release|Win32
	EndGlobalSection
	GlobalSection(ProjectConfigurationPlatforms) = postSolution
		{830322B4-7C28-4C96-B400-DC01C9EE5F38}.Debug|Win32.ActiveCfg = Debug|Win32
		{830322B4-7C28-4C96-B400-DC01C9EE5F38}.Debug|Win32.Build.0 = Debug|Win32
		{830322B4-7C28-4C96-B400-DC01C9EE5F38}.Release|Win32.ActiveCfg = Release|Win32
		{830322B4-7C28-4C96-B400-DC01C9EE5F38}.Release|Win32.Build.0 = Release|Win32
	EndGlobalSection
	GlobalSection(SolutionProperties) = preSolution
		HideSolutionNode = FALSE
	EndGlobalSection
EndGlobal
