
Microsoft Visual Studio Solution File, Format Version 10.00
# Visual Studio 2008
Project("{8BC9CEB8-8B4A-11D0-8D11-00A0C91BC942}") = "PoePoem", "PoePoem\PoePoem.vcproj", "{ED0D2390-0284-40DA-8B68-D4504CBAD0F9}"
EndProject
Global
	GlobalSection(SolutionConfigurationPlatforms) = preSolution
		Debug|Win32 = Debug|Win32
		Release|Win32 = Release|Win32
	EndGlobalSection
	GlobalSection(ProjectConfigurationPlatforms) = postSolution
		{ED0D2390-0284-40DA-8B68-D4504CBAD0F9}.Debug|Win32.ActiveCfg = Debug|Win32
		{ED0D2390-0284-40DA-8B68-D4504CBAD0F9}.Debug|Win32.Build.0 = Debug|Win32
		{ED0D2390-0284-40DA-8B68-D4504CBAD0F9}.Release|Win32.ActiveCfg = Release|Win32
		{ED0D2390-0284-40DA-8B68-D4504CBAD0F9}.Release|Win32.Build.0 = Release|Win32
	EndGlobalSection
	GlobalSection(SolutionProperties) = preSolution
		HideSolutionNode = FALSE
	EndGlobalSection
EndGlobal
