
Microsoft Visual Studio Solution File, Format Version 10.00
# Visual C++ Express 2008
Project("{8BC9CEB8-8B4A-11D0-8D11-00A0C91BC942}") = "DigClock", "DigClock\DigClock.vcproj", "{16A025A0-5FAA-4340-B478-01A81D195B85}"
EndProject
Global
	GlobalSection(SolutionConfigurationPlatforms) = preSolution
		Debug|Win32 = Debug|Win32
		Release|Win32 = Release|Win32
	EndGlobalSection
	GlobalSection(ProjectConfigurationPlatforms) = postSolution
		{16A025A0-5FAA-4340-B478-01A81D195B85}.Debug|Win32.ActiveCfg = Debug|Win32
		{16A025A0-5FAA-4340-B478-01A81D195B85}.Debug|Win32.Build.0 = Debug|Win32
		{16A025A0-5FAA-4340-B478-01A81D195B85}.Release|Win32.ActiveCfg = Release|Win32
		{16A025A0-5FAA-4340-B478-01A81D195B85}.Release|Win32.Build.0 = Release|Win32
	EndGlobalSection
	GlobalSection(SolutionProperties) = preSolution
		HideSolutionNode = FALSE
	EndGlobalSection
EndGlobal
